
Microsoft Visual Studio Solution File, Format Version 12.00
# Visual Studio Version 17
VisualStudioVersion = 17.5.33414.496
MinimumVisualStudioVersion = 10.0.40219.1
Project("{FAE04EC0-301F-11D3-BF4B-00C04F79EFBC}") = "CarStore", "CarStore\CarStore.csproj", "{46B609BA-EEF3-4B18-A481-3D4FEB67F1EB}"
EndProject
Global
	GlobalSection(SolutionConfigurationPlatforms) = preSolution
		Debug|Any CPU = Debug|Any CPU
		Release|Any CPU = Release|Any CPU
	EndGlobalSection
	GlobalSection(ProjectConfigurationPlatforms) = postSolution
		{46B609BA-EEF3-4B18-A481-3D4FEB67F1EB}.Debug|Any CPU.ActiveCfg = Debug|Any CPU
		{46B609BA-EEF3-4B18-A481-3D4FEB67F1EB}.Debug|Any CPU.Build.0 = Debug|Any CPU
		{46B609BA-EEF3-4B18-A481-3D4FEB67F1EB}.Release|Any CPU.ActiveCfg = Release|Any CPU
		{46B609BA-EEF3-4B18-A481-3D4FEB67F1EB}.Release|Any CPU.Build.0 = Release|Any CPU
	EndGlobalSection
	GlobalSection(SolutionProperties) = preSolution
		HideSolutionNode = FALSE
	EndGlobalSection
	GlobalSection(ExtensibilityGlobals) = postSolution
		SolutionGuid = {7F2E9BE6-65FE-48C3-B2F4-D85BB8B80AD7}
	EndGlobalSection
EndGlobal
